
Microsoft Visual Studio Solution File, Format Version 12.00
# Visual Studio 2013
VisualStudioVersion = 12.0.31101.0
MinimumVisualStudioVersion = 10.0.40219.1
Project("{FAE04EC0-301F-11D3-BF4B-00C04F79EFBC}") = "mobAppHDF", "mobAppHDF\mobAppHDF\mobAppHDF.csproj", "{DC3BD31F-FE91-409A-939B-7B136A42E8BB}"
EndProject
Project("{FAE04EC0-301F-11D3-BF4B-00C04F79EFBC}") = "mobAppHDF.Droid", "mobAppHDF\mobAppHDF.Droid\mobAppHDF.Droid.csproj", "{1E1B966D-3172-4F53-9A18-31862373A791}"
EndProject
Project("{FAE04EC0-301F-11D3-BF4B-00C04F79EFBC}") = "mobAppHDF.iOS", "mobAppHDF\mobAppHDF.iOS\mobAppHDF.iOS.csproj", "{763691A6-A1AC-48F7-BDAC-27F951CE4B8B}"
EndProject
Global
	GlobalSection(SolutionConfigurationPlatforms) = preSolution
		Ad-Hoc|Any CPU = Ad-Hoc|Any CPU
		Ad-Hoc|ARM = Ad-Hoc|ARM
		Ad-Hoc|iPhone = Ad-Hoc|iPhone
		Ad-Hoc|iPhoneSimulator = Ad-Hoc|iPhoneSimulator
		Ad-Hoc|Mixed Platforms = Ad-Hoc|Mixed Platforms
		Ad-Hoc|x64 = Ad-Hoc|x64
		Ad-Hoc|x86 = Ad-Hoc|x86
		AppStore|Any CPU = AppStore|Any CPU
		AppStore|ARM = AppStore|ARM
		AppStore|iPhone = AppStore|iPhone
		AppStore|iPhoneSimulator = AppStore|iPhoneSimulator
		AppStore|Mixed Platforms = AppStore|Mixed Platforms
		AppStore|x64 = AppStore|x64
		AppStore|x86 = AppStore|x86
		Debug|Any CPU = Debug|Any CPU
		Debug|ARM = Debug|ARM
		Debug|iPhone = Debug|iPhone
		Debug|iPhoneSimulator = Debug|iPhoneSimulator
		Debug|Mixed Platforms = Debug|Mixed Platforms
		Debug|x64 = Debug|x64
		Debug|x86 = Debug|x86
		Release|Any CPU = Release|Any CPU
		Release|ARM = Release|ARM
		Release|iPhone = Release|iPhone
		Release|iPhoneSimulator = Release|iPhoneSimulator
		Release|Mixed Platforms = Release|Mixed Platforms
		Release|x64 = Release|x64
		Release|x86 = Release|x86
	EndGlobalSection
	GlobalSection(ProjectConfigurationPlatforms) = postSolution
		{DC3BD31F-FE91-409A-939B-7B136A42E8BB}.Ad-Hoc|Any CPU.ActiveCfg = Release|Any CPU
		{DC3BD31F-FE91-409A-939B-7B136A42E8BB}.Ad-Hoc|Any CPU.Build.0 = Release|Any CPU
		{DC3BD31F-FE91-409A-939B-7B136A42E8BB}.Ad-Hoc|ARM.ActiveCfg = Release|Any CPU
		{DC3BD31F-FE91-409A-939B-7B136A42E8BB}.Ad-Hoc|iPhone.ActiveCfg = Release|Any CPU
		{DC3BD31F-FE91-409A-939B-7B136A42E8BB}.Ad-Hoc|iPhoneSimulator.ActiveCfg = Release|Any CPU
		{DC3BD31F-FE91-409A-939B-7B136A42E8BB}.Ad-Hoc|Mixed Platforms.ActiveCfg = Release|Any CPU
		{DC3BD31F-FE91-409A-939B-7B136A42E8BB}.Ad-Hoc|Mixed Platforms.Build.0 = Release|Any CPU
		{DC3BD31F-FE91-409A-939B-7B136A42E8BB}.Ad-Hoc|x64.ActiveCfg = Release|Any CPU
		{DC3BD31F-FE91-409A-939B-7B136A42E8BB}.Ad-Hoc|x86.ActiveCfg = Release|Any CPU
		{DC3BD31F-FE91-409A-939B-7B136A42E8BB}.AppStore|Any CPU.ActiveCfg = Release|Any CPU
		{DC3BD31F-FE91-409A-939B-7B136A42E8BB}.AppStore|Any CPU.Build.0 = Release|Any CPU
		{DC3BD31F-FE91-409A-939B-7B136A42E8BB}.AppStore|ARM.ActiveCfg = Release|Any CPU
		{DC3BD31F-FE91-409A-939B-7B136A42E8BB}.AppStore|iPhone.ActiveCfg = Release|Any CPU
		{DC3BD31F-FE91-409A-939B-7B136A42E8BB}.AppStore|iPhoneSimulator.ActiveCfg = Release|Any CPU
		{DC3BD31F-FE91-409A-939B-7B136A42E8BB}.AppStore|Mixed Platforms.ActiveCfg = Release|Any CPU
		{DC3BD31F-FE91-409A-939B-7B136A42E8BB}.AppStore|Mixed Platforms.Build.0 = Release|Any CPU
		{DC3BD31F-FE91-409A-939B-7B136A42E8BB}.AppStore|x64.ActiveCfg = Release|Any CPU
		{DC3BD31F-FE91-409A-939B-7B136A42E8BB}.AppStore|x86.ActiveCfg = Release|Any CPU
		{DC3BD31F-FE91-409A-939B-7B136A42E8BB}.Debug|Any CPU.ActiveCfg = Debug|Any CPU
		{DC3BD31F-FE91-409A-939B-7B136A42E8BB}.Debug|Any CPU.Build.0 = Debug|Any CPU
		{DC3BD31F-FE91-409A-939B-7B136A42E8BB}.Debug|ARM.ActiveCfg = Debug|Any CPU
		{DC3BD31F-FE91-409A-939B-7B136A42E8BB}.Debug|iPhone.ActiveCfg = Debug|Any CPU
		{DC3BD31F-FE91-409A-939B-7B136A42E8BB}.Debug|iPhoneSimulator.ActiveCfg = Debug|Any CPU
		{DC3BD31F-FE91-409A-939B-7B136A42E8BB}.Debug|Mixed Platforms.ActiveCfg = Debug|Any CPU
		{DC3BD31F-FE91-409A-939B-7B136A42E8BB}.Debug|Mixed Platforms.Build.0 = Debug|Any CPU
		{DC3BD31F-FE91-409A-939B-7B136A42E8BB}.Debug|x64.ActiveCfg = Debug|Any CPU
		{DC3BD31F-FE91-409A-939B-7B136A42E8BB}.Debug|x86.ActiveCfg = Debug|Any CPU
		{DC3BD31F-FE91-409A-939B-7B136A42E8BB}.Release|Any CPU.ActiveCfg = Release|Any CPU
		{DC3BD31F-FE91-409A-939B-7B136A42E8BB}.Release|Any CPU.Build.0 = Release|Any CPU
		{DC3BD31F-FE91-409A-939B-7B136A42E8BB}.Release|ARM.ActiveCfg = Release|Any CPU
		{DC3BD31F-FE91-409A-939B-7B136A42E8BB}.Release|iPhone.ActiveCfg = Release|Any CPU
		{DC3BD31F-FE91-409A-939B-7B136A42E8BB}.Release|iPhoneSimulator.ActiveCfg = Release|Any CPU
		{DC3BD31F-FE91-409A-939B-7B136A42E8BB}.Release|Mixed Platforms.ActiveCfg = Release|Any CPU
		{DC3BD31F-FE91-409A-939B-7B136A42E8BB}.Release|Mixed Platforms.Build.0 = Release|Any CPU
		{DC3BD31F-FE91-409A-939B-7B136A42E8BB}.Release|x64.ActiveCfg = Release|Any CPU
		{DC3BD31F-FE91-409A-939B-7B136A42E8BB}.Release|x86.ActiveCfg = Release|Any CPU
		{1E1B966D-3172-4F53-9A18-31862373A791}.Ad-Hoc|Any CPU.ActiveCfg = Release|Any CPU
		{1E1B966D-3172-4F53-9A18-31862373A791}.Ad-Hoc|Any CPU.Build.0 = Release|Any CPU
		{1E1B966D-3172-4F53-9A18-31862373A791}.Ad-Hoc|Any CPU.Deploy.0 = Release|Any CPU
		{1E1B966D-3172-4F53-9A18-31862373A791}.Ad-Hoc|ARM.ActiveCfg = Release|Any CPU
		{1E1B966D-3172-4F53-9A18-31862373A791}.Ad-Hoc|iPhone.ActiveCfg = Release|Any CPU
		{1E1B966D-3172-4F53-9A18-31862373A791}.Ad-Hoc|iPhoneSimulator.ActiveCfg = Release|Any CPU
		{1E1B966D-3172-4F53-9A18-31862373A791}.Ad-Hoc|Mixed Platforms.ActiveCfg = Release|Any CPU
		{1E1B966D-3172-4F53-9A18-31862373A791}.Ad-Hoc|Mixed Platforms.Build.0 = Release|Any CPU
		{1E1B966D-3172-4F53-9A18-31862373A791}.Ad-Hoc|Mixed Platforms.Deploy.0 = Release|Any CPU
		{1E1B966D-3172-4F53-9A18-31862373A791}.Ad-Hoc|x64.ActiveCfg = Release|Any CPU
		{1E1B966D-3172-4F53-9A18-31862373A791}.Ad-Hoc|x86.ActiveCfg = Release|Any CPU
		{1E1B966D-3172-4F53-9A18-31862373A791}.AppStore|Any CPU.ActiveCfg = Release|Any CPU
		{1E1B966D-3172-4F53-9A18-31862373A791}.AppStore|Any CPU.Build.0 = Release|Any CPU
		{1E1B966D-3172-4F53-9A18-31862373A791}.AppStore|Any CPU.Deploy.0 = Release|Any CPU
		{1E1B966D-3172-4F53-9A18-31862373A791}.AppStore|ARM.ActiveCfg = Release|Any CPU
		{1E1B966D-3172-4F53-9A18-31862373A791}.AppStore|iPhone.ActiveCfg = Release|Any CPU
		{1E1B966D-3172-4F53-9A18-31862373A791}.AppStore|iPhoneSimulator.ActiveCfg = Release|Any CPU
		{1E1B966D-3172-4F53-9A18-31862373A791}.AppStore|Mixed Platforms.ActiveCfg = Release|Any CPU
		{1E1B966D-3172-4F53-9A18-31862373A791}.AppStore|Mixed Platforms.Build.0 = Release|Any CPU
		{1E1B966D-3172-4F53-9A18-31862373A791}.AppStore|Mixed Platforms.Deploy.0 = Release|Any CPU
		{1E1B966D-3172-4F53-9A18-31862373A791}.AppStore|x64.ActiveCfg = Release|Any CPU
		{1E1B966D-3172-4F53-9A18-31862373A791}.AppStore|x86.ActiveCfg = Release|Any CPU
		{1E1B966D-3172-4F53-9A18-31862373A791}.Debug|Any CPU.ActiveCfg = Debug|Any CPU
		{1E1B966D-3172-4F53-9A18-31862373A791}.Debug|Any CPU.Build.0 = Debug|Any CPU
		{1E1B966D-3172-4F53-9A18-31862373A791}.Debug|Any CPU.Deploy.0 = Debug|Any CPU
		{1E1B966D-3172-4F53-9A18-31862373A791}.Debug|ARM.ActiveCfg = Debug|Any CPU
		{1E1B966D-3172-4F53-9A18-31862373A791}.Debug|iPhone.ActiveCfg = Debug|Any CPU
		{1E1B966D-3172-4F53-9A18-31862373A791}.Debug|iPhoneSimulator.ActiveCfg = Debug|Any CPU
		{1E1B966D-3172-4F53-9A18-31862373A791}.Debug|Mixed Platforms.ActiveCfg = Debug|Any CPU
		{1E1B966D-3172-4F53-9A18-31862373A791}.Debug|Mixed Platforms.Build.0 = Debug|Any CPU
		{1E1B966D-3172-4F53-9A18-31862373A791}.Debug|Mixed Platforms.Deploy.0 = Debug|Any CPU
		{1E1B966D-3172-4F53-9A18-31862373A791}.Debug|x64.ActiveCfg = Debug|Any CPU
		{1E1B966D-3172-4F53-9A18-31862373A791}.Debug|x86.ActiveCfg = Debug|Any CPU
		{1E1B966D-3172-4F53-9A18-31862373A791}.Release|Any CPU.ActiveCfg = Release|Any CPU
		{1E1B966D-3172-4F53-9A18-31862373A791}.Release|Any CPU.Build.0 = Release|Any CPU
		{1E1B966D-3172-4F53-9A18-31862373A791}.Release|Any CPU.Deploy.0 = Release|Any CPU
		{1E1B966D-3172-4F53-9A18-31862373A791}.Release|ARM.ActiveCfg = Release|Any CPU
		{1E1B966D-3172-4F53-9A18-31862373A791}.Release|iPhone.ActiveCfg = Release|Any CPU
		{1E1B966D-3172-4F53-9A18-31862373A791}.Release|iPhoneSimulator.ActiveCfg = Release|Any CPU
		{1E1B966D-3172-4F53-9A18-31862373A791}.Release|Mixed Platforms.ActiveCfg = Release|Any CPU
		{1E1B966D-3172-4F53-9A18-31862373A791}.Release|Mixed Platforms.Build.0 = Release|Any CPU
		{1E1B966D-3172-4F53-9A18-31862373A791}.Release|Mixed Platforms.Deploy.0 = Release|Any CPU
		{1E1B966D-3172-4F53-9A18-31862373A791}.Release|x64.ActiveCfg = Release|Any CPU
		{1E1B966D-3172-4F53-9A18-31862373A791}.Release|x86.ActiveCfg = Release|Any CPU
		{763691A6-A1AC-48F7-BDAC-27F951CE4B8B}.Ad-Hoc|Any CPU.ActiveCfg = Ad-Hoc|iPhone
		{763691A6-A1AC-48F7-BDAC-27F951CE4B8B}.Ad-Hoc|ARM.ActiveCfg = Ad-Hoc|iPhone
		{763691A6-A1AC-48F7-BDAC-27F951CE4B8B}.Ad-Hoc|iPhone.ActiveCfg = Ad-Hoc|iPhone
		{763691A6-A1AC-48F7-BDAC-27F951CE4B8B}.Ad-Hoc|iPhone.Build.0 = Ad-Hoc|iPhone
		{763691A6-A1AC-48F7-BDAC-27F951CE4B8B}.Ad-Hoc|iPhoneSimulator.ActiveCfg = Ad-Hoc|iPhoneSimulator
		{763691A6-A1AC-48F7-BDAC-27F951CE4B8B}.Ad-Hoc|iPhoneSimulator.Build.0 = Ad-Hoc|iPhoneSimulator
		{763691A6-A1AC-48F7-BDAC-27F951CE4B8B}.Ad-Hoc|Mixed Platforms.ActiveCfg = Ad-Hoc|iPhone
		{763691A6-A1AC-48F7-BDAC-27F951CE4B8B}.Ad-Hoc|Mixed Platforms.Build.0 = Ad-Hoc|iPhone
		{763691A6-A1AC-48F7-BDAC-27F951CE4B8B}.Ad-Hoc|x64.ActiveCfg = Ad-Hoc|iPhone
		{763691A6-A1AC-48F7-BDAC-27F951CE4B8B}.Ad-Hoc|x86.ActiveCfg = Ad-Hoc|iPhone
		{763691A6-A1AC-48F7-BDAC-27F951CE4B8B}.AppStore|Any CPU.ActiveCfg = AppStore|iPhone
		{763691A6-A1AC-48F7-BDAC-27F951CE4B8B}.AppStore|ARM.ActiveCfg = AppStore|iPhone
		{763691A6-A1AC-48F7-BDAC-27F951CE4B8B}.AppStore|iPhone.ActiveCfg = AppStore|iPhone
		{763691A6-A1AC-48F7-BDAC-27F951CE4B8B}.AppStore|iPhone.Build.0 = AppStore|iPhone
		{763691A6-A1AC-48F7-BDAC-27F951CE4B8B}.AppStore|iPhoneSimulator.ActiveCfg = AppStore|iPhoneSimulator
		{763691A6-A1AC-48F7-BDAC-27F951CE4B8B}.AppStore|iPhoneSimulator.Build.0 = AppStore|iPhoneSimulator
		{763691A6-A1AC-48F7-BDAC-27F951CE4B8B}.AppStore|Mixed Platforms.ActiveCfg = AppStore|iPhone
		{763691A6-A1AC-48F7-BDAC-27F951CE4B8B}.AppStore|Mixed Platforms.Build.0 = AppStore|iPhone
		{763691A6-A1AC-48F7-BDAC-27F951CE4B8B}.AppStore|x64.ActiveCfg = AppStore|iPhone
		{763691A6-A1AC-48F7-BDAC-27F951CE4B8B}.AppStore|x86.ActiveCfg = AppStore|iPhone
		{763691A6-A1AC-48F7-BDAC-27F951CE4B8B}.Debug|Any CPU.ActiveCfg = Debug|iPhone
		{763691A6-A1AC-48F7-BDAC-27F951CE4B8B}.Debug|ARM.ActiveCfg = Debug|iPhone
		{763691A6-A1AC-48F7-BDAC-27F951CE4B8B}.Debug|iPhone.ActiveCfg = Debug|iPhone
		{763691A6-A1AC-48F7-BDAC-27F951CE4B8B}.Debug|iPhone.Build.0 = Debug|iPhone
		{763691A6-A1AC-48F7-BDAC-27F951CE4B8B}.Debug|iPhoneSimulator.ActiveCfg = Debug|iPhoneSimulator
		{763691A6-A1AC-48F7-BDAC-27F951CE4B8B}.Debug|iPhoneSimulator.Build.0 = Debug|iPhoneSimulator
		{763691A6-A1AC-48F7-BDAC-27F951CE4B8B}.Debug|Mixed Platforms.ActiveCfg = Debug|iPhone
		{763691A6-A1AC-48F7-BDAC-27F951CE4B8B}.Debug|Mixed Platforms.Build.0 = Debug|iPhone
		{763691A6-A1AC-48F7-BDAC-27F951CE4B8B}.Debug|x64.ActiveCfg = Debug|iPhone
		{763691A6-A1AC-48F7-BDAC-27F951CE4B8B}.Debug|x86.ActiveCfg = Debug|iPhone
		{763691A6-A1AC-48F7-BDAC-27F951CE4B8B}.Release|Any CPU.ActiveCfg = Release|iPhone
		{763691A6-A1AC-48F7-BDAC-27F951CE4B8B}.Release|ARM.ActiveCfg = Release|iPhone
		{763691A6-A1AC-48F7-BDAC-27F951CE4B8B}.Release|iPhone.ActiveCfg = Release|iPhone
		{763691A6-A1AC-48F7-BDAC-27F951CE4B8B}.Release|iPhone.Build.0 = Release|iPhone
		{763691A6-A1AC-48F7-BDAC-27F951CE4B8B}.Release|iPhoneSimulator.ActiveCfg = Release|iPhoneSimulator
		{763691A6-A1AC-48F7-BDAC-27F951CE4B8B}.Release|iPhoneSimulator.Build.0 = Release|iPhoneSimulator
		{763691A6-A1AC-48F7-BDAC-27F951CE4B8B}.Release|Mixed Platforms.ActiveCfg = Release|iPhone
		{763691A6-A1AC-48F7-BDAC-27F951CE4B8B}.Release|Mixed Platforms.Build.0 = Release|iPhone
		{763691A6-A1AC-48F7-BDAC-27F951CE4B8B}.Release|x64.ActiveCfg = Release|iPhone
		{763691A6-A1AC-48F7-BDAC-27F951CE4B8B}.Release|x86.ActiveCfg = Release|iPhone
	EndGlobalSection
	GlobalSection(SolutionProperties) = preSolution
		HideSolutionNode = FALSE
	EndGlobalSection
EndGlobal
